
Microsoft Visual Studio Solution File, Format Version 12.00
# Visual Studio Version 17
VisualStudioVersion = 17.4.33122.133
MinimumVisualStudioVersion = 10.0.40219.1
Project("{FAE04EC0-301F-11D3-BF4B-00C04F79EFBC}") = "CinemaManager", "CinemaManager.csproj", "{E05BB413-4F19-4151-A84D-05DF224698AB}"
EndProject
Global
	GlobalSection(SolutionConfigurationPlatforms) = preSolution
		Debug|Any CPU = Debug|Any CPU
		Release|Any CPU = Release|Any CPU
	EndGlobalSection
	GlobalSection(ProjectConfigurationPlatforms) = postSolution
		{E05BB413-4F19-4151-A84D-05DF224698AB}.Debug|Any CPU.ActiveCfg = Debug|Any CPU
		{E05BB413-4F19-4151-A84D-05DF224698AB}.Debug|Any CPU.Build.0 = Debug|Any CPU
		{E05BB413-4F19-4151-A84D-05DF224698AB}.Release|Any CPU.ActiveCfg = Release|Any CPU
		{E05BB413-4F19-4151-A84D-05DF224698AB}.Release|Any CPU.Build.0 = Release|Any CPU
	EndGlobalSection
	GlobalSection(SolutionProperties) = preSolution
		HideSolutionNode = FALSE
	EndGlobalSection
	GlobalSection(ExtensibilityGlobals) = postSolution
		SolutionGuid = {453B01B4-FC51-4FEB-8581-39533BF9A07D}
	EndGlobalSection
EndGlobal
